
Microsoft Visual Studio Solution File, Format Version 12.00
# Visual Studio Version 17
VisualStudioVersion = 17.5.33530.505
MinimumVisualStudioVersion = 10.0.40219.1
Project("{9A19103F-16F7-4668-BE54-9A1E7A4F7556}") = "Picnic.Pipelines", "Picnic.Pipelines\Picnic.Pipelines.csproj", "{E0559421-C805-4B8C-ABF7-4805D81A38C1}"
EndProject
Project("{9A19103F-16F7-4668-BE54-9A1E7A4F7556}") = "Tests.Picnic.Pipelines", "Tests.Picnic.Pipelines\Tests.Picnic.Pipelines.csproj", "{67B2324E-21CC-4FE9-8218-3C194A845B89}"
EndProject
Global
	GlobalSection(SolutionConfigurationPlatforms) = preSolution
		Debug|Any CPU = Debug|Any CPU
		Release|Any CPU = Release|Any CPU
	EndGlobalSection
	GlobalSection(ProjectConfigurationPlatforms) = postSolution
		{E0559421-C805-4B8C-ABF7-4805D81A38C1}.Debug|Any CPU.ActiveCfg = Debug|Any CPU
		{E0559421-C805-4B8C-ABF7-4805D81A38C1}.Debug|Any CPU.Build.0 = Debug|Any CPU
		{E0559421-C805-4B8C-ABF7-4805D81A38C1}.Release|Any CPU.ActiveCfg = Release|Any CPU
		{E0559421-C805-4B8C-ABF7-4805D81A38C1}.Release|Any CPU.Build.0 = Release|Any CPU
		{67B2324E-21CC-4FE9-8218-3C194A845B89}.Debug|Any CPU.ActiveCfg = Debug|Any CPU
		{67B2324E-21CC-4FE9-8218-3C194A845B89}.Debug|Any CPU.Build.0 = Debug|Any CPU
		{67B2324E-21CC-4FE9-8218-3C194A845B89}.Release|Any CPU.ActiveCfg = Release|Any CPU
		{67B2324E-21CC-4FE9-8218-3C194A845B89}.Release|Any CPU.Build.0 = Release|Any CPU
	EndGlobalSection
	GlobalSection(SolutionProperties) = preSolution
		HideSolutionNode = FALSE
	EndGlobalSection
	GlobalSection(ExtensibilityGlobals) = postSolution
		SolutionGuid = {07959D63-1B60-4BF8-B5BD-69A7F1622CB2}
	EndGlobalSection
EndGlobal
